[[package]]
name = "adler32"
version = "1.0.3"
source = "registry+https://github.com/rust-lang/crates.io-index"

[[package]]
name = "build_const"
version = "0.2.1"
source = "registry+https://github.com/rust-lang/crates.io-index"

[[package]]
name = "byteorder"
version = "1.2.7"
source = "registry+https://github.com/rust-lang/crates.io-index"

[[package]]
name = "cc"
version = "1.0.25"
source = "registry+https://github.com/rust-lang/crates.io-index"

[[package]]
name = "cfg-if"
version = "0.1.6"
source = "registry+https://github.com/rust-lang/crates.io-index"

[[package]]
name = "crc"
version = "1.8.1"
source = "registry+https://github.com/rust-lang/crates.io-index"
dependencies = [
 "build_const 0.2.1 (registry+https://github.com/rust-lang/crates.io-index)",
]

[[package]]
name = "crc32fast"
version = "1.1.2"
source = "registry+https://github.com/rust-lang/crates.io-index"
dependencies = [
 "cfg-if 0.1.6 (registry+https://github.com/rust-lang/crates.io-index)",
]

[[package]]
name = "flate2"
version = "1.0.6"
source = "registry+https://github.com/rust-lang/crates.io-index"
dependencies = [
 "crc32fast 1.1.2 (registry+https://github.com/rust-lang/crates.io-index)",
 "libc 0.2.44 (registry+https://github.com/rust-lang/crates.io-index)",
 "miniz-sys 0.1.11 (registry+https://github.com/rust-lang/crates.io-index)",
 "miniz_oxide_c_api 0.2.0 (registry+https://github.com/rust-lang/crates.io-index)",
]

[[package]]
name = "libc"
version = "0.2.44"
source = "registry+https://github.com/rust-lang/crates.io-index"

[[package]]
name = "miniz-sys"
version = "0.1.11"
source = "registry+https://github.com/rust-lang/crates.io-index"
dependencies = [
 "cc 1.0.25 (registry+https://github.com/rust-lang/crates.io-index)",
 "libc 0.2.44 (registry+https://github.com/rust-lang/crates.io-index)",
]

[[package]]
name = "miniz_oxide"
version = "0.2.0"
source = "registry+https://github.com/rust-lang/crates.io-index"
dependencies = [
 "adler32 1.0.3 (registry+https://github.com/rust-lang/crates.io-index)",
]

[[package]]
name = "miniz_oxide_c_api"
version = "0.2.0"
source = "registry+https://github.com/rust-lang/crates.io-index"
dependencies = [
 "cc 1.0.25 (registry+https://github.com/rust-lang/crates.io-index)",
 "crc 1.8.1 (registry+https://github.com/rust-lang/crates.io-index)",
 "libc 0.2.44 (registry+https://github.com/rust-lang/crates.io-index)",
 "miniz_oxide 0.2.0 (registry+https://github.com/rust-lang/crates.io-index)",
]

[[package]]
name = "repng"
version = "0.2.2"
source = "registry+https://github.com/rust-lang/crates.io-index"
dependencies = [
 "byteorder 1.2.7 (registry+https://github.com/rust-lang/crates.io-index)",
 "flate2 1.0.6 (registry+https://github.com/rust-lang/crates.io-index)",
]

[[package]]
name = "sandpile"
version = "0.12.1"
dependencies = [
 "repng 0.2.2 (registry+https://github.com/rust-lang/crates.io-index)",
]

[metadata]
"checksum adler32 1.0.3 (registry+https://github.com/rust-lang/crates.io-index)" = "7e522997b529f05601e05166c07ed17789691f562762c7f3b987263d2dedee5c"
"checksum build_const 0.2.1 (registry+https://github.com/rust-lang/crates.io-index)" = "39092a32794787acd8525ee150305ff051b0aa6cc2abaf193924f5ab05425f39"
"checksum byteorder 1.2.7 (registry+https://github.com/rust-lang/crates.io-index)" = "94f88df23a25417badc922ab0f5716cc1330e87f71ddd9203b3a3ccd9cedf75d"
"checksum cc 1.0.25 (registry+https://github.com/rust-lang/crates.io-index)" = "f159dfd43363c4d08055a07703eb7a3406b0dac4d0584d96965a3262db3c9d16"
"checksum cfg-if 0.1.6 (registry+https://github.com/rust-lang/crates.io-index)" = "082bb9b28e00d3c9d39cc03e64ce4cea0f1bb9b3fde493f0cbc008472d22bdf4"
"checksum crc 1.8.1 (registry+https://github.com/rust-lang/crates.io-index)" = "d663548de7f5cca343f1e0a48d14dcfb0e9eb4e079ec58883b7251539fa10aeb"
"checksum crc32fast 1.1.2 (registry+https://github.com/rust-lang/crates.io-index)" = "e91d5240c6975ef33aeb5f148f35275c25eda8e8a5f95abe421978b05b8bf192"
"checksum flate2 1.0.6 (registry+https://github.com/rust-lang/crates.io-index)" = "2291c165c8e703ee54ef3055ad6188e3d51108e2ded18e9f2476e774fc5ad3d4"
"checksum libc 0.2.44 (registry+https://github.com/rust-lang/crates.io-index)" = "10923947f84a519a45c8fefb7dd1b3e8c08747993381adee176d7a82b4195311"
"checksum miniz-sys 0.1.11 (registry+https://github.com/rust-lang/crates.io-index)" = "0300eafb20369952951699b68243ab4334f4b10a88f411c221d444b36c40e649"
"checksum miniz_oxide 0.2.0 (registry+https://github.com/rust-lang/crates.io-index)" = "5ad30a47319c16cde58d0314f5d98202a80c9083b5f61178457403dfb14e509c"
"checksum miniz_oxide_c_api 0.2.0 (registry+https://github.com/rust-lang/crates.io-index)" = "28edaef377517fd9fe3e085c37d892ce7acd1fbeab9239c5a36eec352d8a8b7e"
"checksum repng 0.2.2 (registry+https://github.com/rust-lang/crates.io-index)" = "0dd57cd2cb5cc699b3eb4824d654e5a32f3bc013766da4966f71fe94805abbda"
